
Microsoft Visual Studio Solution File, Format Version 12.00
# Visual Studio Version 16
VisualStudioVersion = 16.0.35425.106
MinimumVisualStudioVersion = 10.0.40219.1
Project("{FAE04EC0-301F-11D3-BF4B-00C04F79EFBC}") = "Lab14", "Lab14\Lab14.csproj", "{1E22220F-C55B-42AF-B611-334A1FB70968}"
EndProject
Global
	GlobalSection(SolutionConfigurationPlatforms) = preSolution
		Debug|Any CPU = Debug|Any CPU
		Release|Any CPU = Release|Any CPU
	EndGlobalSection
	GlobalSection(ProjectConfigurationPlatforms) = postSolution
		{1E22220F-C55B-42AF-B611-334A1FB70968}.Debug|Any CPU.ActiveCfg = Debug|Any CPU
		{1E22220F-C55B-42AF-B611-334A1FB70968}.Debug|Any CPU.Build.0 = Debug|Any CPU
		{1E22220F-C55B-42AF-B611-334A1FB70968}.Release|Any CPU.ActiveCfg = Release|Any CPU
		{1E22220F-C55B-42AF-B611-334A1FB70968}.Release|Any CPU.Build.0 = Release|Any CPU
	EndGlobalSection
	GlobalSection(SolutionProperties) = preSolution
		HideSolutionNode = FALSE
	EndGlobalSection
	GlobalSection(ExtensibilityGlobals) = postSolution
		SolutionGuid = {05E3F30D-743F-4D9C-B656-CF8976B92B27}
	EndGlobalSection
EndGlobal
